// !$*UTF8*$!
{
	archiveVersion = 1;
	classes = {
	};
	objectVersion = 51;
	objects = {

/* Begin PBXBuildFile section */
		8D30521CC8A1510EB45411E6 /* libPods-Makestagram.a in Frameworks */ = {isa = PBXBuildFile; fileRef = C429286E9D2A742DD557AC7D /* libPods-Makestagram.a */; };
		A6323AAE245EA5B2006440F9 /* AppDelegate.swift in Sources */ = {isa = PBXBuildFile; fileRef = A6323AAD245EA5B2006440F9 /* AppDelegate.swift */; };
		A6323AB0245EA5B2006440F9 /* SceneDelegate.swift in Sources */ = {isa = PBXBuildFile; fileRef = A6323AAF245EA5B2006440F9 /* SceneDelegate.swift */; };
		A6323AB5245EA5B2006440F9 /* Main.storyboard in Resources */ = {isa = PBXBuildFile; fileRef = A6323AB3245EA5B2006440F9 /* Main.storyboard */; };
		A6323AB7245EA5B6006440F9 /* Assets.xcassets in Resources */ = {isa = PBXBuildFile; fileRef = A6323AB6245EA5B6006440F9 /* Assets.xcassets */; };
		A6323ABA245EA5B6006440F9 /* LaunchScreen.storyboard in Resources */ = {isa = PBXBuildFile; fileRef = A6323AB8245EA5B6006440F9 /* LaunchScreen.storyboard */; };
		A6323AC2245EC2DD006440F9 /* GoogleService-Info.plist in Resources */ = {isa = PBXBuildFile; fileRef = A6323AC1245EC2DD006440F9 /* GoogleService-Info.plist */; };
		A638F85C246053BC00845F0A /* Constants.swift in Sources */ = {isa = PBXBuildFile; fileRef = A638F85B246053BC00845F0A /* Constants.swift */; };
		A638F85E2460542000845F0A /* Storyboard+Utility.swift in Sources */ = {isa = PBXBuildFile; fileRef = A638F85D2460542000845F0A /* Storyboard+Utility.swift */; };
		A638F86024605F1200845F0A /* HomeViewController.swift in Sources */ = {isa = PBXBuildFile; fileRef = A638F85F24605F1200845F0A /* HomeViewController.swift */; };
		A638F86224605F2300845F0A /* FindFriendsViewController.swift in Sources */ = {isa = PBXBuildFile; fileRef = A638F86124605F2300845F0A /* FindFriendsViewController.swift */; };
		A638F8642460820600845F0A /* MainTabBarController.swift in Sources */ = {isa = PBXBuildFile; fileRef = A638F8632460820600845F0A /* MainTabBarController.swift */; };
		A638F8682460874A00845F0A /* MGPhotoHelper.swift in Sources */ = {isa = PBXBuildFile; fileRef = A638F8672460874A00845F0A /* MGPhotoHelper.swift */; };
		A638F86A246091AD00845F0A /* StorageService.swift in Sources */ = {isa = PBXBuildFile; fileRef = A638F869246091AD00845F0A /* StorageService.swift */; };
		A638F86C2460921E00845F0A /* PostService.swift in Sources */ = {isa = PBXBuildFile; fileRef = A638F86B2460921E00845F0A /* PostService.swift */; };
		A638F86E246093A700845F0A /* Post.swift in Sources */ = {isa = PBXBuildFile; fileRef = A638F86D246093A700845F0A /* Post.swift */; };
		A638F87024609BF700845F0A /* UIImage+Size.swift in Sources */ = {isa = PBXBuildFile; fileRef = A638F86F24609BF700845F0A /* UIImage+Size.swift */; };
		A638F87424609CB800845F0A /* StorageReference+Post.swift in Sources */ = {isa = PBXBuildFile; fileRef = A638F87324609CB800845F0A /* StorageReference+Post.swift */; };
		A6A45E482460102C007C1B6D /* UserService.swift in Sources */ = {isa = PBXBuildFile; fileRef = A6A45E472460102C007C1B6D /* UserService.swift */; };
		A6B4944F245F16F60013DF62 /* Login.storyboard in Resources */ = {isa = PBXBuildFile; fileRef = A6B4944E245F16F60013DF62 /* Login.storyboard */; };
		A6B49451245F17710013DF62 /* LoginViewController.swift in Sources */ = {isa = PBXBuildFile; fileRef = A6B49450245F17710013DF62 /* LoginViewController.swift */; };
		A6B49453245F3F830013DF62 /* User.swift in Sources */ = {isa = PBXBuildFile; fileRef = A6B49452245F3F830013DF62 /* User.swift */; };
		A6B49455245F41190013DF62 /* CreateUsernameViewController.swift in Sources */ = {isa = PBXBuildFile; fileRef = A6B49454245F41190013DF62 /* CreateUsernameViewController.swift */; };
/* End PBXBuildFile section */

/* Begin PBXFileReference section */
		44246903FF4B8A20E252265A /* Pods-Makestagram.release.xcconfig */ = {isa = PBXFileReference; includeInIndex = 1; lastKnownFileType = text.xcconfig; name = "Pods-Makestagram.release.xcconfig"; path = "Pods/Target Support Files/Pods-Makestagram/Pods-Makestagram.release.xcconfig"; sourceTree = "<group>"; };
		A6323AAA245EA5B2006440F9 /* Photogram.app */ = {isa = PBXFileReference; explicitFileType = wrapper.application; includeInIndex = 0; path = Photogram.app; sourceTree = BUILT_PRODUCTS_DIR; };
		A6323AAD245EA5B2006440F9 /* AppDelegate.swift */ = {isa = PBXFileReference; lastKnownFileType = sourcecode.swift; path = AppDelegate.swift; sourceTree = "<group>"; };
		A6323AAF245EA5B2006440F9 /* SceneDelegate.swift */ = {isa = PBXFileReference; lastKnownFileType = sourcecode.swift; path = SceneDelegate.swift; sourceTree = "<group>"; };
		A6323AB4245EA5B2006440F9 /* Base */ = {isa = PBXFileReference; lastKnownFileType = file.storyboard; name = Base; path = Base.lproj/Main.storyboard; sourceTree = "<group>"; };
		A6323AB6245EA5B6006440F9 /* Assets.xcassets */ = {isa = PBXFileReference; lastKnownFileType = folder.assetcatalog; path = Assets.xcassets; sourceTree = "<group>"; };
		A6323AB9245EA5B6006440F9 /* Base */ = {isa = PBXFileReference; lastKnownFileType = file.storyboard; name = Base; path = Base.lproj/LaunchScreen.storyboard; sourceTree = "<group>"; };
		A6323ABB245EA5B6006440F9 /* Info.plist */ = {isa = PBXFileReference; lastKnownFileType = text.plist.xml; path = Info.plist; sourceTree = "<group>"; };
		A6323AC1245EC2DD006440F9 /* GoogleService-Info.plist */ = {isa = PBXFileReference; fileEncoding = 4; lastKnownFileType = text.plist.xml; path = "GoogleService-Info.plist"; sourceTree = "<group>"; };
		A638F85B246053BC00845F0A /* Constants.swift */ = {isa = PBXFileReference; lastKnownFileType = sourcecode.swift; path = Constants.swift; sourceTree = "<group>"; };
		A638F85D2460542000845F0A /* Storyboard+Utility.swift */ = {isa = PBXFileReference; lastKnownFileType = sourcecode.swift; path = "Storyboard+Utility.swift"; sourceTree = "<group>"; };
		A638F85F24605F1200845F0A /* HomeViewController.swift */ = {isa = PBXFileReference; lastKnownFileType = sourcecode.swift; path = HomeViewController.swift; sourceTree = "<group>"; };
		A638F86124605F2300845F0A /* FindFriendsViewController.swift */ = {isa = PBXFileReference; lastKnownFileType = sourcecode.swift; path = FindFriendsViewController.swift; sourceTree = "<group>"; };
		A638F8632460820600845F0A /* MainTabBarController.swift */ = {isa = PBXFileReference; lastKnownFileType = sourcecode.swift; path = MainTabBarController.swift; sourceTree = "<group>"; };
		A638F8672460874A00845F0A /* MGPhotoHelper.swift */ = {isa = PBXFileReference; lastKnownFileType = sourcecode.swift; path = MGPhotoHelper.swift; sourceTree = "<group>"; };
		A638F869246091AD00845F0A /* StorageService.swift */ = {isa = PBXFileReference; lastKnownFileType = sourcecode.swift; path = StorageService.swift; sourceTree = "<group>"; };
		A638F86B2460921E00845F0A /* PostService.swift */ = {isa = PBXFileReference; lastKnownFileType = sourcecode.swift; path = PostService.swift; sourceTree = "<group>"; };
		A638F86D246093A700845F0A /* Post.swift */ = {isa = PBXFileReference; lastKnownFileType = sourcecode.swift; path = Post.swift; sourceTree = "<group>"; };
		A638F86F24609BF700845F0A /* UIImage+Size.swift */ = {isa = PBXFileReference; lastKnownFileType = sourcecode.swift; path = "UIImage+Size.swift"; sourceTree = "<group>"; };
		A638F87324609CB800845F0A /* StorageReference+Post.swift */ = {isa = PBXFileReference; lastKnownFileType = sourcecode.swift; path = "StorageReference+Post.swift"; sourceTree = "<group>"; };
		A6A45E472460102C007C1B6D /* UserService.swift */ = {isa = PBXFileReference; lastKnownFileType = sourcecode.swift; path = UserService.swift; sourceTree = "<group>"; };
		A6B4944E245F16F60013DF62 /* Login.storyboard */ = {isa = PBXFileReference; lastKnownFileType = file.storyboard; path = Login.storyboard; sourceTree = "<group>"; };
		A6B49450245F17710013DF62 /* LoginViewController.swift */ = {isa = PBXFileReference; lastKnownFileType = sourcecode.swift; path = LoginViewController.swift; sourceTree = "<group>"; };
		A6B49452245F3F830013DF62 /* User.swift */ = {isa = PBXFileReference; lastKnownFileType = sourcecode.swift; path = User.swift; sourceTree = "<group>"; };
		A6B49454245F41190013DF62 /* CreateUsernameViewController.swift */ = {isa = PBXFileReference; lastKnownFileType = sourcecode.swift; path = CreateUsernameViewController.swift; sourceTree = "<group>"; };
		C429286E9D2A742DD557AC7D /* libPods-Makestagram.a */ = {isa = PBXFileReference; explicitFileType = archive.ar; includeInIndex = 0; path = "libPods-Makestagram.a"; sourceTree = BUILT_PRODUCTS_DIR; };
		EA7F6125279D1CC1F78E84D0 /* Pods-Makestagram.debug.xcconfig */ = {isa = PBXFileReference; includeInIndex = 1; lastKnownFileType = text.xcconfig; name = "Pods-Makestagram.debug.xcconfig"; path = "Pods/Target Support Files/Pods-Makestagram/Pods-Makestagram.debug.xcconfig"; sourceTree = "<group>"; };
/* End PBXFileReference section */

/* Begin PBXFrameworksBuildPhase section */
		A6323AA7245EA5B2006440F9 /* Frameworks */ = {
			isa = PBXFrameworksBuildPhase;
			buildActionMask = 2147483647;
			files = (
				8D30521CC8A1510EB45411E6 /* libPods-Makestagram.a in Frameworks */,
			);
			runOnlyForDeploymentPostprocessing = 0;
		};
/* End PBXFrameworksBuildPhase section */

/* Begin PBXGroup section */
		327432077058BACB3B5E7354 /* Frameworks */ = {
			isa = PBXGroup;
			children = (
				C429286E9D2A742DD557AC7D /* libPods-Makestagram.a */,
			);
			name = Frameworks;
			sourceTree = "<group>";
		};
		4D92F024D5296DDE3F57F3D9 /* Pods */ = {
			isa = PBXGroup;
			children = (
				EA7F6125279D1CC1F78E84D0 /* Pods-Makestagram.debug.xcconfig */,
				44246903FF4B8A20E252265A /* Pods-Makestagram.release.xcconfig */,
			);
			name = Pods;
			sourceTree = "<group>";
		};
		A6323AA1245EA5B2006440F9 = {
			isa = PBXGroup;
			children = (
				A6323AAC245EA5B2006440F9 /* Makestagram */,
				A6323AAB245EA5B2006440F9 /* Products */,
				4D92F024D5296DDE3F57F3D9 /* Pods */,
				327432077058BACB3B5E7354 /* Frameworks */,
			);
			sourceTree = "<group>";
		};
		A6323AAB245EA5B2006440F9 /* Products */ = {
			isa = PBXGroup;
			children = (
				A6323AAA245EA5B2006440F9 /* Photogram.app */,
			);
			name = Products;
			sourceTree = "<group>";
		};
		A6323AAC245EA5B2006440F9 /* Makestagram */ = {
			isa = PBXGroup;
			children = (
				A6323AAD245EA5B2006440F9 /* AppDelegate.swift */,
				A6323AAF245EA5B2006440F9 /* SceneDelegate.swift */,
				A6323AC4245EC5F5006440F9 /* Model */,
				A6323AC5245EC5F8006440F9 /* View */,
				A6323AC3245EC56D006440F9 /* Controllers */,
				A6323AC9245EC66C006440F9 /* Storyboards */,
				A6323AC8245EC663006440F9 /* Services */,
				A6323AC7245EC65C006440F9 /* Helpers */,
				A6323AC6245EC658006440F9 /* Extensions */,
				A6323ACA245EC682006440F9 /* Supporting Files */,
				A6323AB6245EA5B6006440F9 /* Assets.xcassets */,
			);
			path = Makestagram;
			sourceTree = "<group>";
		};
		A6323AC3245EC56D006440F9 /* Controllers */ = {
			isa = PBXGroup;
			children = (
				A6B49450245F17710013DF62 /* LoginViewController.swift */,
				A6B49454245F41190013DF62 /* CreateUsernameViewController.swift */,
				A638F8632460820600845F0A /* MainTabBarController.swift */,
				A638F85F24605F1200845F0A /* HomeViewController.swift */,
				A638F86124605F2300845F0A /* FindFriendsViewController.swift */,
			);
			path = Controllers;
			sourceTree = "<group>";
		};
		A6323AC4245EC5F5006440F9 /* Model */ = {
			isa = PBXGroup;
			children = (
				A6B49452245F3F830013DF62 /* User.swift */,
				A638F86D246093A700845F0A /* Post.swift */,
			);
			path = Model;
			sourceTree = "<group>";
		};
		A6323AC5245EC5F8006440F9 /* View */ = {
			isa = PBXGroup;
			children = (
			);
			path = View;
			sourceTree = "<group>";
		};
		A6323AC6245EC658006440F9 /* Extensions */ = {
			isa = PBXGroup;
			children = (
				A638F85D2460542000845F0A /* Storyboard+Utility.swift */,
				A638F86F24609BF700845F0A /* UIImage+Size.swift */,
				A638F87324609CB800845F0A /* StorageReference+Post.swift */,
			);
			path = Extensions;
			sourceTree = "<group>";
		};
		A6323AC7245EC65C006440F9 /* Helpers */ = {
			isa = PBXGroup;
			children = (
				A638F8672460874A00845F0A /* MGPhotoHelper.swift */,
			);
			path = Helpers;
			sourceTree = "<group>";
		};
		A6323AC8245EC663006440F9 /* Services */ = {
			isa = PBXGroup;
			children = (
				A6A45E472460102C007C1B6D /* UserService.swift */,
				A638F869246091AD00845F0A /* StorageService.swift */,
				A638F86B2460921E00845F0A /* PostService.swift */,
			);
			path = Services;
			sourceTree = "<group>";
		};
		A6323AC9245EC66C006440F9 /* Storyboards */ = {
			isa = PBXGroup;
			children = (
				A6B4944E245F16F60013DF62 /* Login.storyboard */,
				A6323AB3245EA5B2006440F9 /* Main.storyboard */,
				A6323AB8245EA5B6006440F9 /* LaunchScreen.storyboard */,
			);
			path = Storyboards;
			sourceTree = "<group>";
		};
		A6323ACA245EC682006440F9 /* Supporting Files */ = {
			isa = PBXGroup;
			children = (
				A6323ABB245EA5B6006440F9 /* Info.plist */,
				A6323AC1245EC2DD006440F9 /* GoogleService-Info.plist */,
				A638F85B246053BC00845F0A /* Constants.swift */,
			);
			path = "Supporting Files";
			sourceTree = "<group>";
		};
/* End PBXGroup section */

/* Begin PBXNativeTarget section */
		A6323AA9245EA5B2006440F9 /* Makestagram */ = {
			isa = PBXNativeTarget;
			buildConfigurationList = A6323ABE245EA5B6006440F9 /* Build configuration list for PBXNativeTarget "Makestagram" */;
			buildPhases = (
				8D7A2DB3380D8639E01AB788 /* [CP] Check Pods Manifest.lock */,
				A6323AA6245EA5B2006440F9 /* Sources */,
				A6323AA7245EA5B2006440F9 /* Frameworks */,
				A6323AA8245EA5B2006440F9 /* Resources */,
				9E7BB1C43B1BE8D04BA0A5FF /* [CP] Copy Pods Resources */,
			);
			buildRules = (
			);
			dependencies = (
			);
			name = Makestagram;
			productName = Makestagram;
			productReference = A6323AAA245EA5B2006440F9 /* Photogram.app */;
			productType = "com.apple.product-type.application";
		};
/* End PBXNativeTarget section */

/* Begin PBXProject section */
		A6323AA2245EA5B2006440F9 /* Project object */ = {
			isa = PBXProject;
			attributes = {
				LastSwiftUpdateCheck = 1140;
				LastUpgradeCheck = 1140;
				ORGANIZATIONNAME = "Aman Meena";
				TargetAttributes = {
					A6323AA9245EA5B2006440F9 = {
						CreatedOnToolsVersion = 11.4;
					};
				};
			};
			buildConfigurationList = A6323AA5245EA5B2006440F9 /* Build configuration list for PBXProject "Makestagram" */;
			compatibilityVersion = "Xcode 9.3";
			developmentRegion = en;
			hasScannedForEncodings = 0;
			knownRegions = (
				en,
				Base,
			);
			mainGroup = A6323AA1245EA5B2006440F9;
			productRefGroup = A6323AAB245EA5B2006440F9 /* Products */;
			projectDirPath = "";
			projectRoot = "";
			targets = (
				A6323AA9245EA5B2006440F9 /* Makestagram */,
			);
		};
/* End PBXProject section */

/* Begin PBXResourcesBuildPhase section */
		A6323AA8245EA5B2006440F9 /* Resources */ = {
			isa = PBXResourcesBuildPhase;
			buildActionMask = 2147483647;
			files = (
				A6323ABA245EA5B6006440F9 /* LaunchScreen.storyboard in Resources */,
				A6323AC2245EC2DD006440F9 /* GoogleService-Info.plist in Resources */,
				A6323AB7245EA5B6006440F9 /* Assets.xcassets in Resources */,
				A6B4944F245F16F60013DF62 /* Login.storyboard in Resources */,
				A6323AB5245EA5B2006440F9 /* Main.storyboard in Resources */,
			);
			runOnlyForDeploymentPostprocessing = 0;
		};
/* End PBXResourcesBuildPhase section */

/* Begin PBXShellScriptBuildPhase section */
		8D7A2DB3380D8639E01AB788 /* [CP] Check Pods Manifest.lock */ = {
			isa = PBXShellScriptBuildPhase;
			buildActionMask = 2147483647;
			files = (
			);
			inputPaths = (
				"${PODS_PODFILE_DIR_PATH}/Podfile.lock",
				"${PODS_ROOT}/Manifest.lock",
			);
			name = "[CP] Check Pods Manifest.lock";
			outputPaths = (
				"$(DERIVED_FILE_DIR)/Pods-Makestagram-checkManifestLockResult.txt",
			);
			runOnlyForDeploymentPostprocessing = 0;
			shellPath = /bin/sh;
			shellScript = "diff \"${PODS_PODFILE_DIR_PATH}/Podfile.lock\" \"${PODS_ROOT}/Manifest.lock\" > /dev/null\nif [ $? != 0 ] ; then\n    # print error to STDERR\n    echo \"error: The sandbox is not in sync with the Podfile.lock. Run 'pod install' or update your CocoaPods installation.\" >&2\n    exit 1\nfi\n# This output is used by Xcode 'outputs' to avoid re-running this script phase.\necho \"SUCCESS\" > \"${SCRIPT_OUTPUT_FILE_0}\"\n";
			showEnvVarsInLog = 0;
		};
		9E7BB1C43B1BE8D04BA0A5FF /* [CP] Copy Pods Resources */ = {
			isa = PBXShellScriptBuildPhase;
			buildActionMask = 2147483647;
			files = (
			);
			inputFileListPaths = (
				"${PODS_ROOT}/Target Support Files/Pods-Makestagram/Pods-Makestagram-resources-${CONFIGURATION}-input-files.xcfilelist",
			);
			name = "[CP] Copy Pods Resources";
			outputFileListPaths = (
				"${PODS_ROOT}/Target Support Files/Pods-Makestagram/Pods-Makestagram-resources-${CONFIGURATION}-output-files.xcfilelist",
			);
			runOnlyForDeploymentPostprocessing = 0;
			shellPath = /bin/sh;
			shellScript = "\"${PODS_ROOT}/Target Support Files/Pods-Makestagram/Pods-Makestagram-resources.sh\"\n";
			showEnvVarsInLog = 0;
		};
/* End PBXShellScriptBuildPhase section */

/* Begin PBXSourcesBuildPhase section */
		A6323AA6245EA5B2006440F9 /* Sources */ = {
			isa = PBXSourcesBuildPhase;
			buildActionMask = 2147483647;
			files = (
				A6A45E482460102C007C1B6D /* UserService.swift in Sources */,
				A6B49451245F17710013DF62 /* LoginViewController.swift in Sources */,
				A638F8642460820600845F0A /* MainTabBarController.swift in Sources */,
				A6B49455245F41190013DF62 /* CreateUsernameViewController.swift in Sources */,
				A638F87024609BF700845F0A /* UIImage+Size.swift in Sources */,
				A638F8682460874A00845F0A /* MGPhotoHelper.swift in Sources */,
				A638F87424609CB800845F0A /* StorageReference+Post.swift in Sources */,
				A6323AAE245EA5B2006440F9 /* AppDelegate.swift in Sources */,
				A6B49453245F3F830013DF62 /* User.swift in Sources */,
				A638F86A246091AD00845F0A /* StorageService.swift in Sources */,
				A638F86224605F2300845F0A /* FindFriendsViewController.swift in Sources */,
				A638F86E246093A700845F0A /* Post.swift in Sources */,
				A638F86C2460921E00845F0A /* PostService.swift in Sources */,
				A638F86024605F1200845F0A /* HomeViewController.swift in Sources */,
				A638F85E2460542000845F0A /* Storyboard+Utility.swift in Sources */,
				A6323AB0245EA5B2006440F9 /* SceneDelegate.swift in Sources */,
				A638F85C246053BC00845F0A /* Constants.swift in Sources */,
			);
			runOnlyForDeploymentPostprocessing = 0;
		};
/* End PBXSourcesBuildPhase section */

/* Begin PBXVariantGroup section */
		A6323AB3245EA5B2006440F9 /* Main.storyboard */ = {
			isa = PBXVariantGroup;
			children = (
				A6323AB4245EA5B2006440F9 /* Base */,
			);
			name = Main.storyboard;
			sourceTree = "<group>";
		};
		A6323AB8245EA5B6006440F9 /* LaunchScreen.storyboard */ = {
			isa = PBXVariantGroup;
			children = (
				A6323AB9245EA5B6006440F9 /* Base */,
			);
			name = LaunchScreen.storyboard;
			sourceTree = "<group>";
		};
/* End PBXVariantGroup section */

/* Begin XCBuildConfiguration section */
		A6323ABC245EA5B6006440F9 /* Debug */ = {
			isa = XCBuildConfiguration;
			buildSettings = {
				ALWAYS_SEARCH_USER_PATHS = NO;
				CLANG_ANALYZER_NONNULL = YES;
				CLANG_ANALYZER_NUMBER_OBJECT_CONVERSION = YES_AGGRESSIVE;
				CLANG_CXX_LANGUAGE_STANDARD = "gnu++14";
				CLANG_CXX_LIBRARY = "libc++";
				CLANG_ENABLE_MODULES = YES;
				CLANG_ENABLE_OBJC_ARC = YES;
				CLANG_ENABLE_OBJC_WEAK = YES;
				CLANG_WARN_BLOCK_CAPTURE_AUTORELEASING = YES;
				CLANG_WARN_BOOL_CONVERSION = YES;
				CLANG_WARN_COMMA = YES;
				CLANG_WARN_CONSTANT_CONVERSION = YES;
				CLANG_WARN_DEPRECATED_OBJC_IMPLEMENTATIONS = YES;
				CLANG_WARN_DIRECT_OBJC_ISA_USAGE = YES_ERROR;
				CLANG_WARN_DOCUMENTATION_COMMENTS = YES;
				CLANG_WARN_EMPTY_BODY = YES;
				CLANG_WARN_ENUM_CONVERSION = YES;
				CLANG_WARN_INFINITE_RECURSION = YES;
				CLANG_WARN_INT_CONVERSION = YES;
				CLANG_WARN_NON_LITERAL_NULL_CONVERSION = YES;
				CLANG_WARN_OBJC_IMPLICIT_RETAIN_SELF = YES;
				CLANG_WARN_OBJC_LITERAL_CONVERSION = YES;
				CLANG_WARN_OBJC_ROOT_CLASS = YES_ERROR;
				CLANG_WARN_RANGE_LOOP_ANALYSIS = YES;
				CLANG_WARN_STRICT_PROTOTYPES = YES;
				CLANG_WARN_SUSPICIOUS_MOVE = YES;
				CLANG_WARN_UNGUARDED_AVAILABILITY = YES_AGGRESSIVE;
				CLANG_WARN_UNREACHABLE_CODE = YES;
				CLANG_WARN__DUPLICATE_METHOD_MATCH = YES;
				COPY_PHASE_STRIP = NO;
				DEBUG_INFORMATION_FORMAT = dwarf;
				ENABLE_STRICT_OBJC_MSGSEND = YES;
				ENABLE_TESTABILITY = YES;
				GCC_C_LANGUAGE_STANDARD = gnu11;
				GCC_DYNAMIC_NO_PIC = NO;
				GCC_NO_COMMON_BLOCKS = YES;
				GCC_OPTIMIZATION_LEVEL = 0;
				GCC_PREPROCESSOR_DEFINITIONS = (
					"DEBUG=1",
					"$(inherited)",
				);
				GCC_WARN_64_TO_32_BIT_CONVERSION = YES;
				GCC_WARN_ABOUT_RETURN_TYPE = YES_ERROR;
				GCC_WARN_UNDECLARED_SELECTOR = YES;
				GCC_WARN_UNINITIALIZED_AUTOS = YES_AGGRESSIVE;
				GCC_WARN_UNUSED_FUNCTION = YES;
				GCC_WARN_UNUSED_VARIABLE = YES;
				IPHONEOS_DEPLOYMENT_TARGET = 13.4;
				MTL_ENABLE_DEBUG_INFO = INCLUDE_SOURCE;
				MTL_FAST_MATH = YES;
				ONLY_ACTIVE_ARCH = YES;
				SDKROOT = iphoneos;
				SWIFT_ACTIVE_COMPILATION_CONDITIONS = DEBUG;
				SWIFT_OPTIMIZATION_LEVEL = "-Onone";
			};
			name = Debug;
		};
		A6323ABD245EA5B6006440F9 /* Release */ = {
			isa = XCBuildConfiguration;
			buildSettings = {
				ALWAYS_SEARCH_USER_PATHS = NO;
				CLANG_ANALYZER_NONNULL = YES;
				CLANG_ANALYZER_NUMBER_OBJECT_CONVERSION = YES_AGGRESSIVE;
				CLANG_CXX_LANGUAGE_STANDARD = "gnu++14";
				CLANG_CXX_LIBRARY = "libc++";
				CLANG_ENABLE_MODULES = YES;
				CLANG_ENABLE_OBJC_ARC = YES;
				CLANG_ENABLE_OBJC_WEAK = YES;
				CLANG_WARN_BLOCK_CAPTURE_AUTORELEASING = YES;
				CLANG_WARN_BOOL_CONVERSION = YES;
				CLANG_WARN_COMMA = YES;
				CLANG_WARN_CONSTANT_CONVERSION = YES;
				CLANG_WARN_DEPRECATED_OBJC_IMPLEMENTATIONS = YES;
				CLANG_WARN_DIRECT_OBJC_ISA_USAGE = YES_ERROR;
				CLANG_WARN_DOCUMENTATION_COMMENTS = YES;
				CLANG_WARN_EMPTY_BODY = YES;
				CLANG_WARN_ENUM_CONVERSION = YES;
				CLANG_WARN_INFINITE_RECURSION = YES;
				CLANG_WARN_INT_CONVERSION = YES;
				CLANG_WARN_NON_LITERAL_NULL_CONVERSION = YES;
				CLANG_WARN_OBJC_IMPLICIT_RETAIN_SELF = YES;
				CLANG_WARN_OBJC_LITERAL_CONVERSION = YES;
				CLANG_WARN_OBJC_ROOT_CLASS = YES_ERROR;
				CLANG_WARN_RANGE_LOOP_ANALYSIS = YES;
				CLANG_WARN_STRICT_PROTOTYPES = YES;
				CLANG_WARN_SUSPICIOUS_MOVE = YES;
				CLANG_WARN_UNGUARDED_AVAILABILITY = YES_AGGRESSIVE;
				CLANG_WARN_UNREACHABLE_CODE = YES;
				CLANG_WARN__DUPLICATE_METHOD_MATCH = YES;
				COPY_PHASE_STRIP = NO;
				DEBUG_INFORMATION_FORMAT = "dwarf-with-dsym";
				ENABLE_NS_ASSERTIONS = NO;
				ENABLE_STRICT_OBJC_MSGSEND = YES;
				GCC_C_LANGUAGE_STANDARD = gnu11;
				GCC_NO_COMMON_BLOCKS = YES;
				GCC_WARN_64_TO_32_BIT_CONVERSION = YES;
				GCC_WARN_ABOUT_RETURN_TYPE = YES_ERROR;
				GCC_WARN_UNDECLARED_SELECTOR = YES;
				GCC_WARN_UNINITIALIZED_AUTOS = YES_AGGRESSIVE;
				GCC_WARN_UNUSED_FUNCTION = YES;
				GCC_WARN_UNUSED_VARIABLE = YES;
				IPHONEOS_DEPLOYMENT_TARGET = 13.4;
				MTL_ENABLE_DEBUG_INFO = NO;
				MTL_FAST_MATH = YES;
				SDKROOT = iphoneos;
				SWIFT_COMPILATION_MODE = wholemodule;
				SWIFT_OPTIMIZATION_LEVEL = "-O";
				VALIDATE_PRODUCT = YES;
			};
			name = Release;
		};
		A6323ABF245EA5B6006440F9 /* Debug */ = {
			isa = XCBuildConfiguration;
			baseConfigurationReference = EA7F6125279D1CC1F78E84D0 /* Pods-Makestagram.debug.xcconfig */;
			buildSettings = {
				ASSETCATALOG_COMPILER_APPICON_NAME = AppIcon;
				CODE_SIGN_STYLE = Automatic;
				DEVELOPMENT_TEAM = 57DLV9DHHX;
				INFOPLIST_FILE = "Makestagram/Supporting Files/Info.plist";
				LD_RUNPATH_SEARCH_PATHS = (
					"$(inherited)",
					"@executable_path/Frameworks",
				);
				PRODUCT_BUNDLE_IDENTIFIER = com.noturbuoy.Makestagram;
				PRODUCT_NAME = Photogram;
				SWIFT_VERSION = 5.0;
				TARGETED_DEVICE_FAMILY = "1,2";
			};
			name = Debug;
		};
		A6323AC0245EA5B6006440F9 /* Release */ = {
			isa = XCBuildConfiguration;
			baseConfigurationReference = 44246903FF4B8A20E252265A /* Pods-Makestagram.release.xcconfig */;
			buildSettings = {
				ASSETCATALOG_COMPILER_APPICON_NAME = AppIcon;
				CODE_SIGN_STYLE = Automatic;
				DEVELOPMENT_TEAM = 57DLV9DHHX;
				INFOPLIST_FILE = "Makestagram/Supporting Files/Info.plist";
				LD_RUNPATH_SEARCH_PATHS = (
					"$(inherited)",
					"@executable_path/Frameworks",
				);
				PRODUCT_BUNDLE_IDENTIFIER = com.noturbuoy.Makestagram;
				PRODUCT_NAME = Photogram;
				SWIFT_VERSION = 5.0;
				TARGETED_DEVICE_FAMILY = "1,2";
			};
			name = Release;
		};
/* End XCBuildConfiguration section */

/* Begin XCConfigurationList section */
		A6323AA5245EA5B2006440F9 /* Build configuration list for PBXProject "Makestagram" */ = {
			isa = XCConfigurationList;
			buildConfigurations = (
				A6323ABC245EA5B6006440F9 /* Debug */,
				A6323ABD245EA5B6006440F9 /* Release */,
			);
			defaultConfigurationIsVisible = 0;
			defaultConfigurationName = Release;
		};
		A6323ABE245EA5B6006440F9 /* Build configuration list for PBXNativeTarget "Makestagram" */ = {
			isa = XCConfigurationList;
			buildConfigurations = (
				A6323ABF245EA5B6006440F9 /* Debug */,
				A6323AC0245EA5B6006440F9 /* Release */,
			);
			defaultConfigurationIsVisible = 0;
			defaultConfigurationName = Release;
		};
/* End XCConfigurationList section */
	};
	rootObject = A6323AA2245EA5B2006440F9 /* Project object */;
}
